
Microsoft Visual Studio Solution File, Format Version 12.00
# Visual Studio Version 16
VisualStudioVersion = 16.0.32126.315
MinimumVisualStudioVersion = 10.0.40219.1
Project("{9A19103F-16F7-4668-BE54-9A1E7A4F7556}") = "ProductCatalogAPI", "ProductCatalogAPI\ProductCatalogAPI.csproj", "{4D3CFB74-A34B-41F9-AE5B-95159754B947}"
EndProject
Project("{2150E333-8FDC-42A3-9474-1A3956D46DE8}") = "src", "src", "{3D800471-0B09-4160-A5AB-60D3980B722B}"
EndProject
Project("{2150E333-8FDC-42A3-9474-1A3956D46DE8}") = "Services", "Services", "{81B4FF71-ED65-4950-A02C-5FA8255341AB}"
EndProject
Project("{2150E333-8FDC-42A3-9474-1A3956D46DE8}") = "Web", "Web", "{EB542955-6B05-48C6-929A-77EFF0D75FB2}"
EndProject
Global
	GlobalSection(SolutionConfigurationPlatforms) = preSolution
		Debug|Any CPU = Debug|Any CPU
		Release|Any CPU = Release|Any CPU
	EndGlobalSection
	GlobalSection(ProjectConfigurationPlatforms) = postSolution
		{4D3CFB74-A34B-41F9-AE5B-95159754B947}.Debug|Any CPU.ActiveCfg = Debug|Any CPU
		{4D3CFB74-A34B-41F9-AE5B-95159754B947}.Debug|Any CPU.Build.0 = Debug|Any CPU
		{4D3CFB74-A34B-41F9-AE5B-95159754B947}.Release|Any CPU.ActiveCfg = Release|Any CPU
		{4D3CFB74-A34B-41F9-AE5B-95159754B947}.Release|Any CPU.Build.0 = Release|Any CPU
	EndGlobalSection
	GlobalSection(SolutionProperties) = preSolution
		HideSolutionNode = FALSE
	EndGlobalSection
	GlobalSection(NestedProjects) = preSolution
		{4D3CFB74-A34B-41F9-AE5B-95159754B947} = {81B4FF71-ED65-4950-A02C-5FA8255341AB}
		{81B4FF71-ED65-4950-A02C-5FA8255341AB} = {3D800471-0B09-4160-A5AB-60D3980B722B}
		{EB542955-6B05-48C6-929A-77EFF0D75FB2} = {3D800471-0B09-4160-A5AB-60D3980B722B}
	EndGlobalSection
	GlobalSection(ExtensibilityGlobals) = postSolution
		SolutionGuid = {3EFB4637-5C4B-4711-9B85-9A014876A20C}
	EndGlobalSection
EndGlobal
